
Microsoft Visual Studio Solution File, Format Version 12.00
# Visual Studio Version 16
VisualStudioVersion = 16.0.30717.126
MinimumVisualStudioVersion = 10.0.40219.1
Project("{888888A0-9F3D-457C-B088-3A5042F75D52}") = "DrawPad", "DrawPad\DrawPad.pyproj", "{CB9755E5-93C6-44E3-9E09-00CA4171B907}"
EndProject
Global
	GlobalSection(SolutionConfigurationPlatforms) = preSolution
		Debug|Any CPU = Debug|Any CPU
		Release|Any CPU = Release|Any CPU
	EndGlobalSection
	GlobalSection(ProjectConfigurationPlatforms) = postSolution
		{CB9755E5-93C6-44E3-9E09-00CA4171B907}.Debug|Any CPU.ActiveCfg = Debug|Any CPU
		{CB9755E5-93C6-44E3-9E09-00CA4171B907}.Release|Any CPU.ActiveCfg = Release|Any CPU
	EndGlobalSection
	GlobalSection(SolutionProperties) = preSolution
		HideSolutionNode = FALSE
	EndGlobalSection
	GlobalSection(ExtensibilityGlobals) = postSolution
		SolutionGuid = {F37D238B-CFEF-4956-8493-71549E2AC5CD}
	EndGlobalSection
EndGlobal
